{
  "name": "npm-demo",
  "version": "1.0.0",
  "lockfileVersion": 3,
  "requires": true,
  "packages": {
    "": {
      "name": "npm-demo",
      "version": "1.0.0",
      "license": "ISC",
      "dependencies": {
        "mongoose": "^2.4.2",
        "underscore": "^1.4.0"
      }
    },
    "node_modules/colors": {
      "version": "0.5.1",
      "resolved": "https://registry.npmjs.org/colors/-/colors-0.5.1.tgz",
      "integrity": "sha512-XjsuUwpDeY98+yz959OlUK6m7mLBM+1MEG5oaenfuQnNnrQk1WvtcvFgN3FNDP3f2NmZ211t0mNEfSEN1h0eIg==",
      "engines": {
        "node": ">=0.1.90"
      }
    },
    "node_modules/hooks": {
      "version": "0.1.9",
      "resolved": "https://registry.npmjs.org/hooks/-/hooks-0.1.9.tgz",
      "integrity": "sha512-vAK3PuwoPpj0pCG4Uu2lyOIBpRLpM12ohthJd6fR4FczRzVyAnTU3v7ah9/JIRDx18qhyTDnkx1plHnsLJCYvw==",
      "engines": {
        "node": ">=0.4.0"
      }
    },
    "node_modules/mongodb": {
      "version": "0.9.7-1.4",
      "resolved": "https://registry.npmjs.org/mongodb/-/mongodb-0.9.7-1.4.tgz",
      "integrity": "sha512-svSmDrXWbJOwSOt6ptgfSePfNzDKUP7DOEBo00yazZaCnGBNKUWuXHylXhLLfTWN4lRi4zlb5y8o9EN8Md4I0w==",
      "hasInstallScript": true,
      "os": [
        "linux",
        "darwin",
        "freebsd"
      ],
      "engines": {
        "node": ">=0.4.0"
      }
    },
    "node_modules/mongoose": {
      "version": "2.4.2",
      "resolved": "https://registry.npmjs.org/mongoose/-/mongoose-2.4.2.tgz",
      "integrity": "sha512-O9aOlij2p9hnkVjdvt1gIYvkjLBiRUohO/y72u5o8yfidXHkMVqAyffMPOjy/CuDj8mxxBWvoX+8e4P960QXnA==",
      "dependencies": {
        "colors": "0.5.1",
        "hooks": "0.1.9",
        "mongodb": "0.9.7-1.4"
      },
      "engines": {
        "node": ">= 0.4.0"
      }
    },
    "node_modules/underscore": {
      "version": "1.4.0",
      "resolved": "https://registry.npmjs.org/underscore/-/underscore-1.4.0.tgz",
      "integrity": "sha512-1fo8pSEl96t/N71viOQIgVGU/MA1bnIXJ17FPZyjiHgEfX934m+MxhuW61/9I1rSkBsbY7xvFkJJJ0AzshKydA=="
    }
  }
}
